
Microsoft Visual Studio Solution File, Format Version 12.00
Project("{FAE04EC0-301F-11D3-BF4B-00C04F79EFBC}") = "Veiculo-API", "Veiculo-API\Veiculo-API.csproj", "{23DF32EC-8B57-4B33-A965-F26B6B2B0232}"
EndProject
Global
	GlobalSection(SolutionConfigurationPlatforms) = preSolution
		Debug|Any CPU = Debug|Any CPU
		Release|Any CPU = Release|Any CPU
	EndGlobalSection
	GlobalSection(ProjectConfigurationPlatforms) = postSolution
		{23DF32EC-8B57-4B33-A965-F26B6B2B0232}.Debug|Any CPU.ActiveCfg = Debug|Any CPU
		{23DF32EC-8B57-4B33-A965-F26B6B2B0232}.Debug|Any CPU.Build.0 = Debug|Any CPU
		{23DF32EC-8B57-4B33-A965-F26B6B2B0232}.Release|Any CPU.ActiveCfg = Release|Any CPU
		{23DF32EC-8B57-4B33-A965-F26B6B2B0232}.Release|Any CPU.Build.0 = Release|Any CPU
	EndGlobalSection
EndGlobal
